
Microsoft Visual Studio Solution File, Format Version 12.00
# Visual Studio Version 17
VisualStudioVersion = 17.13.35913.81 d17.13
MinimumVisualStudioVersion = 10.0.40219.1
Project("{FAE04EC0-301F-11D3-BF4B-00C04F79EFBC}") = "SimpleFileWatcher", "SimpleFileWatcher\SimpleFileWatcher.csproj", "{160BE0B5-037A-4436-856F-5507B2B5CCCD}"
EndProject
Global
	GlobalSection(SolutionConfigurationPlatforms) = preSolution
		Debug|Any CPU = Debug|Any CPU
		Release|Any CPU = Release|Any CPU
	EndGlobalSection
	GlobalSection(ProjectConfigurationPlatforms) = postSolution
		{160BE0B5-037A-4436-856F-5507B2B5CCCD}.Debug|Any CPU.ActiveCfg = Debug|Any CPU
		{160BE0B5-037A-4436-856F-5507B2B5CCCD}.Debug|Any CPU.Build.0 = Debug|Any CPU
		{160BE0B5-037A-4436-856F-5507B2B5CCCD}.Release|Any CPU.ActiveCfg = Release|Any CPU
		{160BE0B5-037A-4436-856F-5507B2B5CCCD}.Release|Any CPU.Build.0 = Release|Any CPU
	EndGlobalSection
	GlobalSection(SolutionProperties) = preSolution
		HideSolutionNode = FALSE
	EndGlobalSection
	GlobalSection(ExtensibilityGlobals) = postSolution
		SolutionGuid = {AD0DAD99-62BA-4A99-903F-25FC3CD17FCC}
	EndGlobalSection
EndGlobal
